
Microsoft Visual Studio Solution File, Format Version 12.00
# Visual Studio 15
VisualStudioVersion = 15.0.28307.421
MinimumVisualStudioVersion = 10.0.40219.1
Project("{9A19103F-16F7-4668-BE54-9A1E7A4F7556}") = "ECEU", "ECEU\ECEU.csproj", "{7E5C88FA-9A26-4498-8CA6-FC1676B31D65}"
EndProject
Project("{FAE04EC0-301F-11D3-BF4B-00C04F79EFBC}") = "ECEUWin", "ECEUWin\ECEUWin.csproj", "{35AEB1ED-9D6A-466E-81A8-9E584B535D73}"
	ProjectSection(ProjectDependencies) = postProject
		{AD659176-AEC1-4D21-9DBA-5E9A3B8322AA} = {AD659176-AEC1-4D21-9DBA-5E9A3B8322AA}
	EndProjectSection
EndProject
Project("{E24C65DC-7377-472B-9ABA-BC803B73C61A}") = "ECEUWs", "ECEUWs\", "{AD659176-AEC1-4D21-9DBA-5E9A3B8322AA}"
	ProjectSection(WebsiteProperties) = preProject
		TargetFrameworkMoniker = ".NETFramework,Version%3Dv4.6.1"
		Debug.AspNetCompiler.VirtualPath = "/localhost_50553"
		Debug.AspNetCompiler.PhysicalPath = "ECEUWs\"
		Debug.AspNetCompiler.TargetPath = "PrecompiledWeb\localhost_50553\"
		Debug.AspNetCompiler.Updateable = "true"
		Debug.AspNetCompiler.ForceOverwrite = "true"
		Debug.AspNetCompiler.FixedNames = "false"
		Debug.AspNetCompiler.Debug = "True"
		Release.AspNetCompiler.VirtualPath = "/localhost_50553"
		Release.AspNetCompiler.PhysicalPath = "ECEUWs\"
		Release.AspNetCompiler.TargetPath = "PrecompiledWeb\localhost_50553\"
		Release.AspNetCompiler.Updateable = "true"
		Release.AspNetCompiler.ForceOverwrite = "true"
		Release.AspNetCompiler.FixedNames = "false"
		Release.AspNetCompiler.Debug = "False"
		VWDPort = "50553"
		SlnRelativePath = "ECEUWs\"
		DefaultWebSiteLanguage = "Visual C#"
	EndProjectSection
EndProject
Project("{FAE04EC0-301F-11D3-BF4B-00C04F79EFBC}") = "UDL.Net", "..\..\..\..\Downloads\UDL_code\UDL.Net\UDL.Net.csproj", "{D2574C27-FE9A-495C-9E5A-D6C13547C8B4}"
EndProject
Global
	GlobalSection(SolutionConfigurationPlatforms) = preSolution
		Debug|Any CPU = Debug|Any CPU
		Release|Any CPU = Release|Any CPU
	EndGlobalSection
	GlobalSection(ProjectConfigurationPlatforms) = postSolution
		{7E5C88FA-9A26-4498-8CA6-FC1676B31D65}.Debug|Any CPU.ActiveCfg = Debug|Any CPU
		{7E5C88FA-9A26-4498-8CA6-FC1676B31D65}.Debug|Any CPU.Build.0 = Debug|Any CPU
		{7E5C88FA-9A26-4498-8CA6-FC1676B31D65}.Release|Any CPU.ActiveCfg = Release|Any CPU
		{7E5C88FA-9A26-4498-8CA6-FC1676B31D65}.Release|Any CPU.Build.0 = Release|Any CPU
		{35AEB1ED-9D6A-466E-81A8-9E584B535D73}.Debug|Any CPU.ActiveCfg = Debug|Any CPU
		{35AEB1ED-9D6A-466E-81A8-9E584B535D73}.Debug|Any CPU.Build.0 = Debug|Any CPU
		{35AEB1ED-9D6A-466E-81A8-9E584B535D73}.Release|Any CPU.ActiveCfg = Release|Any CPU
		{35AEB1ED-9D6A-466E-81A8-9E584B535D73}.Release|Any CPU.Build.0 = Release|Any CPU
		{AD659176-AEC1-4D21-9DBA-5E9A3B8322AA}.Debug|Any CPU.ActiveCfg = Debug|Any CPU
		{AD659176-AEC1-4D21-9DBA-5E9A3B8322AA}.Debug|Any CPU.Build.0 = Debug|Any CPU
		{AD659176-AEC1-4D21-9DBA-5E9A3B8322AA}.Release|Any CPU.ActiveCfg = Debug|Any CPU
		{AD659176-AEC1-4D21-9DBA-5E9A3B8322AA}.Release|Any CPU.Build.0 = Debug|Any CPU
		{D2574C27-FE9A-495C-9E5A-D6C13547C8B4}.Debug|Any CPU.ActiveCfg = Debug|Any CPU
		{D2574C27-FE9A-495C-9E5A-D6C13547C8B4}.Debug|Any CPU.Build.0 = Debug|Any CPU
		{D2574C27-FE9A-495C-9E5A-D6C13547C8B4}.Release|Any CPU.ActiveCfg = Release|Any CPU
		{D2574C27-FE9A-495C-9E5A-D6C13547C8B4}.Release|Any CPU.Build.0 = Release|Any CPU
	EndGlobalSection
	GlobalSection(SolutionProperties) = preSolution
		HideSolutionNode = FALSE
	EndGlobalSection
	GlobalSection(ExtensibilityGlobals) = postSolution
		SolutionGuid = {7B93DCB8-D2CC-4749-8913-634F2EE20E86}
	EndGlobalSection
EndGlobal
